// !$*UTF8*$!
{
	archiveVersion = 1;
	classes = {
	};
	objectVersion = 46;
	objects = {

/* Begin PBXBuildFile section */
		9300B83E19470EC60084B3BF /* ship.png in Resources */ = {isa = PBXBuildFile; fileRef = 9300B83C19470EC60084B3BF /* ship.png */; };
		932A304A1941E81400D7E094 /* AppDelegate.swift in Sources */ = {isa = PBXBuildFile; fileRef = 932A30491941E81400D7E094 /* AppDelegate.swift */; };
		932A304C1941E81400D7E094 /* ViewController.swift in Sources */ = {isa = PBXBuildFile; fileRef = 932A304B1941E81400D7E094 /* ViewController.swift */; };
		932A304F1941E81400D7E094 /* Main.storyboard in Resources */ = {isa = PBXBuildFile; fileRef = 932A304D1941E81400D7E094 /* Main.storyboard */; };
		932A30511941E81400D7E094 /* Images.xcassets in Resources */ = {isa = PBXBuildFile; fileRef = 932A30501941E81400D7E094 /* Images.xcassets */; };
		932A305D1941E81400D7E094 /* GSwiftTests.swift in Sources */ = {isa = PBXBuildFile; fileRef = 932A305C1941E81400D7E094 /* GSwiftTests.swift */; };
		932A30681941E82800D7E094 /* GSView.swift in Sources */ = {isa = PBXBuildFile; fileRef = 932A30661941E82800D7E094 /* GSView.swift */; };
		932A306B1941E97000D7E094 /* Main.swift in Sources */ = {isa = PBXBuildFile; fileRef = 932A306A1941E97000D7E094 /* Main.swift */; };
		932F30E419472B6B0016B1A2 /* space.png in Resources */ = {isa = PBXBuildFile; fileRef = 932F30E319472B6B0016B1A2 /* space.png */; };
		93F5E38219420FBB00B1AEDB /* background.jpg in Resources */ = {isa = PBXBuildFile; fileRef = 93F5E37B19420FBB00B1AEDB /* background.jpg */; };
		93F5E38319420FBB00B1AEDB /* flower.jpg in Resources */ = {isa = PBXBuildFile; fileRef = 93F5E37C19420FBB00B1AEDB /* flower.jpg */; };
		93F5E38419420FBB00B1AEDB /* fruits.jpg in Resources */ = {isa = PBXBuildFile; fileRef = 93F5E37D19420FBB00B1AEDB /* fruits.jpg */; };
		93F5E38519420FBB00B1AEDB /* girl.jpg in Resources */ = {isa = PBXBuildFile; fileRef = 93F5E37E19420FBB00B1AEDB /* girl.jpg */; };
		93F5E38619420FBB00B1AEDB /* pam.jpg in Resources */ = {isa = PBXBuildFile; fileRef = 93F5E37F19420FBB00B1AEDB /* pam.jpg */; };
		93F5E38719420FBB00B1AEDB /* redhood.jpg in Resources */ = {isa = PBXBuildFile; fileRef = 93F5E38019420FBB00B1AEDB /* redhood.jpg */; };
		93F5E38819420FBB00B1AEDB /* taj.jpg in Resources */ = {isa = PBXBuildFile; fileRef = 93F5E38119420FBB00B1AEDB /* taj.jpg */; };
/* End PBXBuildFile section */

/* Begin PBXContainerItemProxy section */
		932A30571941E81400D7E094 /* PBXContainerItemProxy */ = {
			isa = PBXContainerItemProxy;
			containerPortal = 932A303C1941E81400D7E094 /* Project object */;
			proxyType = 1;
			remoteGlobalIDString = 932A30431941E81400D7E094;
			remoteInfo = GSwift;
		};
/* End PBXContainerItemProxy section */

/* Begin PBXFileReference section */
		9300B83C19470EC60084B3BF /* ship.png */ = {isa = PBXFileReference; lastKnownFileType = image.png; path = ship.png; sourceTree = "<group>"; };
		932A30441941E81400D7E094 /* GSwift.app */ = {isa = PBXFileReference; explicitFileType = wrapper.application; includeInIndex = 0; path = GSwift.app; sourceTree = BUILT_PRODUCTS_DIR; };
		932A30481941E81400D7E094 /* Info.plist */ = {isa = PBXFileReference; lastKnownFileType = text.plist.xml; path = Info.plist; sourceTree = "<group>"; };
		932A30491941E81400D7E094 /* AppDelegate.swift */ = {isa = PBXFileReference; lastKnownFileType = sourcecode.swift; path = AppDelegate.swift; sourceTree = "<group>"; };
		932A304B1941E81400D7E094 /* ViewController.swift */ = {isa = PBXFileReference; lastKnownFileType = sourcecode.swift; path = ViewController.swift; sourceTree = "<group>"; };
		932A304E1941E81400D7E094 /* Base */ = {isa = PBXFileReference; lastKnownFileType = file.storyboard; name = Base; path = Base.lproj/Main.storyboard; sourceTree = "<group>"; };
		932A30501941E81400D7E094 /* Images.xcassets */ = {isa = PBXFileReference; lastKnownFileType = folder.assetcatalog; path = Images.xcassets; sourceTree = "<group>"; };
		932A30561941E81400D7E094 /* GSwiftTests.xctest */ = {isa = PBXFileReference; explicitFileType = wrapper.cfbundle; includeInIndex = 0; path = GSwiftTests.xctest; sourceTree = BUILT_PRODUCTS_DIR; };
		932A305B1941E81400D7E094 /* Info.plist */ = {isa = PBXFileReference; lastKnownFileType = text.plist.xml; path = Info.plist; sourceTree = "<group>"; };
		932A305C1941E81400D7E094 /* GSwiftTests.swift */ = {isa = PBXFileReference; lastKnownFileType = sourcecode.swift; path = GSwiftTests.swift; sourceTree = "<group>"; };
		932A30661941E82800D7E094 /* GSView.swift */ = {isa = PBXFileReference; fileEncoding = 4; lastKnownFileType = sourcecode.swift; path = GSView.swift; sourceTree = "<group>"; };
		932A306A1941E97000D7E094 /* Main.swift */ = {isa = PBXFileReference; fileEncoding = 4; lastKnownFileType = sourcecode.swift; path = Main.swift; sourceTree = "<group>"; };
		932F30E319472B6B0016B1A2 /* space.png */ = {isa = PBXFileReference; lastKnownFileType = image.png; path = space.png; sourceTree = "<group>"; };
		93F5E37B19420FBB00B1AEDB /* background.jpg */ = {isa = PBXFileReference; lastKnownFileType = image.jpeg; path = background.jpg; sourceTree = "<group>"; };
		93F5E37C19420FBB00B1AEDB /* flower.jpg */ = {isa = PBXFileReference; lastKnownFileType = image.jpeg; path = flower.jpg; sourceTree = "<group>"; };
		93F5E37D19420FBB00B1AEDB /* fruits.jpg */ = {isa = PBXFileReference; lastKnownFileType = image.jpeg; path = fruits.jpg; sourceTree = "<group>"; };
		93F5E37E19420FBB00B1AEDB /* girl.jpg */ = {isa = PBXFileReference; lastKnownFileType = image.jpeg; path = girl.jpg; sourceTree = "<group>"; };
		93F5E37F19420FBB00B1AEDB /* pam.jpg */ = {isa = PBXFileReference; lastKnownFileType = image.jpeg; path = pam.jpg; sourceTree = "<group>"; };
		93F5E38019420FBB00B1AEDB /* redhood.jpg */ = {isa = PBXFileReference; lastKnownFileType = image.jpeg; path = redhood.jpg; sourceTree = "<group>"; };
		93F5E38119420FBB00B1AEDB /* taj.jpg */ = {isa = PBXFileReference; lastKnownFileType = image.jpeg; path = taj.jpg; sourceTree = "<group>"; };
/* End PBXFileReference section */

/* Begin PBXFrameworksBuildPhase section */
		932A30411941E81400D7E094 /* Frameworks */ = {
			isa = PBXFrameworksBuildPhase;
			buildActionMask = 2147483647;
			files = (
			);
			runOnlyForDeploymentPostprocessing = 0;
		};
		932A30531941E81400D7E094 /* Frameworks */ = {
			isa = PBXFrameworksBuildPhase;
			buildActionMask = 2147483647;
			files = (
			);
			runOnlyForDeploymentPostprocessing = 0;
		};
/* End PBXFrameworksBuildPhase section */

/* Begin PBXGroup section */
		932A303B1941E81400D7E094 = {
			isa = PBXGroup;
			children = (
				932A30461941E81400D7E094 /* GSwift */,
				932A30591941E81400D7E094 /* GSwiftTests */,
				932A30451941E81400D7E094 /* Products */,
			);
			sourceTree = "<group>";
		};
		932A30451941E81400D7E094 /* Products */ = {
			isa = PBXGroup;
			children = (
				932A30441941E81400D7E094 /* GSwift.app */,
				932A30561941E81400D7E094 /* GSwiftTests.xctest */,
			);
			name = Products;
			sourceTree = "<group>";
		};
		932A30461941E81400D7E094 /* GSwift */ = {
			isa = PBXGroup;
			children = (
				932A306A1941E97000D7E094 /* Main.swift */,
				932A30661941E82800D7E094 /* GSView.swift */,
				932A30491941E81400D7E094 /* AppDelegate.swift */,
				932A304B1941E81400D7E094 /* ViewController.swift */,
				932A304D1941E81400D7E094 /* Main.storyboard */,
				932A30501941E81400D7E094 /* Images.xcassets */,
				932A30471941E81400D7E094 /* Supporting Files */,
			);
			path = GSwift;
			sourceTree = "<group>";
		};
		932A30471941E81400D7E094 /* Supporting Files */ = {
			isa = PBXGroup;
			children = (
				932F30E319472B6B0016B1A2 /* space.png */,
				9300B83C19470EC60084B3BF /* ship.png */,
				93F5E37A19420FBB00B1AEDB /* gspics */,
				932A30481941E81400D7E094 /* Info.plist */,
			);
			name = "Supporting Files";
			sourceTree = "<group>";
		};
		932A30591941E81400D7E094 /* GSwiftTests */ = {
			isa = PBXGroup;
			children = (
				932A305C1941E81400D7E094 /* GSwiftTests.swift */,
				932A305A1941E81400D7E094 /* Supporting Files */,
			);
			path = GSwiftTests;
			sourceTree = "<group>";
		};
		932A305A1941E81400D7E094 /* Supporting Files */ = {
			isa = PBXGroup;
			children = (
				932A305B1941E81400D7E094 /* Info.plist */,
			);
			name = "Supporting Files";
			sourceTree = "<group>";
		};
		93F5E37A19420FBB00B1AEDB /* gspics */ = {
			isa = PBXGroup;
			children = (
				93F5E37B19420FBB00B1AEDB /* background.jpg */,
				93F5E37C19420FBB00B1AEDB /* flower.jpg */,
				93F5E37D19420FBB00B1AEDB /* fruits.jpg */,
				93F5E37E19420FBB00B1AEDB /* girl.jpg */,
				93F5E37F19420FBB00B1AEDB /* pam.jpg */,
				93F5E38019420FBB00B1AEDB /* redhood.jpg */,
				93F5E38119420FBB00B1AEDB /* taj.jpg */,
			);
			path = gspics;
			sourceTree = "<group>";
		};
/* End PBXGroup section */

/* Begin PBXNativeTarget section */
		932A30431941E81400D7E094 /* GSwift */ = {
			isa = PBXNativeTarget;
			buildConfigurationList = 932A30601941E81400D7E094 /* Build configuration list for PBXNativeTarget "GSwift" */;
			buildPhases = (
				932A30401941E81400D7E094 /* Sources */,
				932A30411941E81400D7E094 /* Frameworks */,
				932A30421941E81400D7E094 /* Resources */,
			);
			buildRules = (
			);
			dependencies = (
			);
			name = GSwift;
			productName = GSwift;
			productReference = 932A30441941E81400D7E094 /* GSwift.app */;
			productType = "com.apple.product-type.application";
		};
		932A30551941E81400D7E094 /* GSwiftTests */ = {
			isa = PBXNativeTarget;
			buildConfigurationList = 932A30631941E81400D7E094 /* Build configuration list for PBXNativeTarget "GSwiftTests" */;
			buildPhases = (
				932A30521941E81400D7E094 /* Sources */,
				932A30531941E81400D7E094 /* Frameworks */,
				932A30541941E81400D7E094 /* Resources */,
			);
			buildRules = (
			);
			dependencies = (
				932A30581941E81400D7E094 /* PBXTargetDependency */,
			);
			name = GSwiftTests;
			productName = GSwiftTests;
			productReference = 932A30561941E81400D7E094 /* GSwiftTests.xctest */;
			productType = "com.apple.product-type.bundle.unit-test";
		};
/* End PBXNativeTarget section */

/* Begin PBXProject section */
		932A303C1941E81400D7E094 /* Project object */ = {
			isa = PBXProject;
			attributes = {
				LastUpgradeCheck = 0600;
				ORGANIZATIONNAME = "Virtual GS";
				TargetAttributes = {
					932A30431941E81400D7E094 = {
						CreatedOnToolsVersion = 6.0;
					};
					932A30551941E81400D7E094 = {
						CreatedOnToolsVersion = 6.0;
						TestTargetID = 932A30431941E81400D7E094;
					};
				};
			};
			buildConfigurationList = 932A303F1941E81400D7E094 /* Build configuration list for PBXProject "GSwift" */;
			compatibilityVersion = "Xcode 3.2";
			developmentRegion = English;
			hasScannedForEncodings = 0;
			knownRegions = (
				en,
				Base,
			);
			mainGroup = 932A303B1941E81400D7E094;
			productRefGroup = 932A30451941E81400D7E094 /* Products */;
			projectDirPath = "";
			projectRoot = "";
			targets = (
				932A30431941E81400D7E094 /* GSwift */,
				932A30551941E81400D7E094 /* GSwiftTests */,
			);
		};
/* End PBXProject section */

/* Begin PBXResourcesBuildPhase section */
		932A30421941E81400D7E094 /* Resources */ = {
			isa = PBXResourcesBuildPhase;
			buildActionMask = 2147483647;
			files = (
				93F5E38319420FBB00B1AEDB /* flower.jpg in Resources */,
				9300B83E19470EC60084B3BF /* ship.png in Resources */,
				93F5E38519420FBB00B1AEDB /* girl.jpg in Resources */,
				93F5E38619420FBB00B1AEDB /* pam.jpg in Resources */,
				93F5E38219420FBB00B1AEDB /* background.jpg in Resources */,
				932A304F1941E81400D7E094 /* Main.storyboard in Resources */,
				932A30511941E81400D7E094 /* Images.xcassets in Resources */,
				93F5E38819420FBB00B1AEDB /* taj.jpg in Resources */,
				932F30E419472B6B0016B1A2 /* space.png in Resources */,
				93F5E38419420FBB00B1AEDB /* fruits.jpg in Resources */,
				93F5E38719420FBB00B1AEDB /* redhood.jpg in Resources */,
			);
			runOnlyForDeploymentPostprocessing = 0;
		};
		932A30541941E81400D7E094 /* Resources */ = {
			isa = PBXResourcesBuildPhase;
			buildActionMask = 2147483647;
			files = (
			);
			runOnlyForDeploymentPostprocessing = 0;
		};
/* End PBXResourcesBuildPhase section */

/* Begin PBXSourcesBuildPhase section */
		932A30401941E81400D7E094 /* Sources */ = {
			isa = PBXSourcesBuildPhase;
			buildActionMask = 2147483647;
			files = (
				932A306B1941E97000D7E094 /* Main.swift in Sources */,
				932A304C1941E81400D7E094 /* ViewController.swift in Sources */,
				932A304A1941E81400D7E094 /* AppDelegate.swift in Sources */,
				932A30681941E82800D7E094 /* GSView.swift in Sources */,
			);
			runOnlyForDeploymentPostprocessing = 0;
		};
		932A30521941E81400D7E094 /* Sources */ = {
			isa = PBXSourcesBuildPhase;
			buildActionMask = 2147483647;
			files = (
				932A305D1941E81400D7E094 /* GSwiftTests.swift in Sources */,
			);
			runOnlyForDeploymentPostprocessing = 0;
		};
/* End PBXSourcesBuildPhase section */

/* Begin PBXTargetDependency section */
		932A30581941E81400D7E094 /* PBXTargetDependency */ = {
			isa = PBXTargetDependency;
			target = 932A30431941E81400D7E094 /* GSwift */;
			targetProxy = 932A30571941E81400D7E094 /* PBXContainerItemProxy */;
		};
/* End PBXTargetDependency section */

/* Begin PBXVariantGroup section */
		932A304D1941E81400D7E094 /* Main.storyboard */ = {
			isa = PBXVariantGroup;
			children = (
				932A304E1941E81400D7E094 /* Base */,
			);
			name = Main.storyboard;
			sourceTree = "<group>";
		};
/* End PBXVariantGroup section */

/* Begin XCBuildConfiguration section */
		932A305E1941E81400D7E094 /* Debug */ = {
			isa = XCBuildConfiguration;
			buildSettings = {
				ALWAYS_SEARCH_USER_PATHS = NO;
				CLANG_CXX_LANGUAGE_STANDARD = "gnu++0x";
				CLANG_CXX_LIBRARY = "libc++";
				CLANG_ENABLE_MODULES = YES;
				CLANG_ENABLE_OBJC_ARC = YES;
				CLANG_WARN_BOOL_CONVERSION = YES;
				CLANG_WARN_CONSTANT_CONVERSION = YES;
				CLANG_WARN_DIRECT_OBJC_ISA_USAGE = YES_ERROR;
				CLANG_WARN_EMPTY_BODY = YES;
				CLANG_WARN_ENUM_CONVERSION = YES;
				CLANG_WARN_INT_CONVERSION = YES;
				CLANG_WARN_OBJC_ROOT_CLASS = YES_ERROR;
				CLANG_WARN_UNREACHABLE_CODE = YES;
				CLANG_WARN__DUPLICATE_METHOD_MATCH = YES;
				"CODE_SIGN_IDENTITY[sdk=iphoneos*]" = "iPhone Developer";
				COPY_PHASE_STRIP = NO;
				ENABLE_STRICT_OBJC_MSGSEND = YES;
				GCC_C_LANGUAGE_STANDARD = gnu99;
				GCC_DYNAMIC_NO_PIC = NO;
				GCC_OPTIMIZATION_LEVEL = 0;
				GCC_PREPROCESSOR_DEFINITIONS = (
					"DEBUG=1",
					"$(inherited)",
				);
				GCC_SYMBOLS_PRIVATE_EXTERN = NO;
				GCC_WARN_64_TO_32_BIT_CONVERSION = YES;
				GCC_WARN_ABOUT_RETURN_TYPE = YES_ERROR;
				GCC_WARN_UNDECLARED_SELECTOR = YES;
				GCC_WARN_UNINITIALIZED_AUTOS = YES_AGGRESSIVE;
				GCC_WARN_UNUSED_FUNCTION = YES;
				GCC_WARN_UNUSED_VARIABLE = YES;
				IPHONEOS_DEPLOYMENT_TARGET = 8.0;
				METAL_ENABLE_DEBUG_INFO = YES;
				ONLY_ACTIVE_ARCH = YES;
				SDKROOT = iphoneos;
				SWIFT_OPTIMIZATION_LEVEL = "-Onone";
				TARGETED_DEVICE_FAMILY = 2;
			};
			name = Debug;
		};
		932A305F1941E81400D7E094 /* Release */ = {
			isa = XCBuildConfiguration;
			buildSettings = {
				ALWAYS_SEARCH_USER_PATHS = NO;
				CLANG_CXX_LANGUAGE_STANDARD = "gnu++0x";
				CLANG_CXX_LIBRARY = "libc++";
				CLANG_ENABLE_MODULES = YES;
				CLANG_ENABLE_OBJC_ARC = YES;
				CLANG_WARN_BOOL_CONVERSION = YES;
				CLANG_WARN_CONSTANT_CONVERSION = YES;
				CLANG_WARN_DIRECT_OBJC_ISA_USAGE = YES_ERROR;
				CLANG_WARN_EMPTY_BODY = YES;
				CLANG_WARN_ENUM_CONVERSION = YES;
				CLANG_WARN_INT_CONVERSION = YES;
				CLANG_WARN_OBJC_ROOT_CLASS = YES_ERROR;
				CLANG_WARN_UNREACHABLE_CODE = YES;
				CLANG_WARN__DUPLICATE_METHOD_MATCH = YES;
				"CODE_SIGN_IDENTITY[sdk=iphoneos*]" = "iPhone Developer";
				COPY_PHASE_STRIP = YES;
				ENABLE_NS_ASSERTIONS = NO;
				ENABLE_STRICT_OBJC_MSGSEND = YES;
				GCC_C_LANGUAGE_STANDARD = gnu99;
				GCC_WARN_64_TO_32_BIT_CONVERSION = YES;
				GCC_WARN_ABOUT_RETURN_TYPE = YES_ERROR;
				GCC_WARN_UNDECLARED_SELECTOR = YES;
				GCC_WARN_UNINITIALIZED_AUTOS = YES_AGGRESSIVE;
				GCC_WARN_UNUSED_FUNCTION = YES;
				GCC_WARN_UNUSED_VARIABLE = YES;
				IPHONEOS_DEPLOYMENT_TARGET = 8.0;
				METAL_ENABLE_DEBUG_INFO = NO;
				SDKROOT = iphoneos;
				TARGETED_DEVICE_FAMILY = 2;
				VALIDATE_PRODUCT = YES;
			};
			name = Release;
		};
		932A30611941E81400D7E094 /* Debug */ = {
			isa = XCBuildConfiguration;
			buildSettings = {
				ASSETCATALOG_COMPILER_APPICON_NAME = AppIcon;
				ASSETCATALOG_COMPILER_LAUNCHIMAGE_NAME = LaunchImage;
				INFOPLIST_FILE = GSwift/Info.plist;
				IPHONEOS_DEPLOYMENT_TARGET = 8.0;
				LD_RUNPATH_SEARCH_PATHS = "$(inherited) @executable_path/Frameworks";
				PRODUCT_NAME = "$(TARGET_NAME)";
				TARGETED_DEVICE_FAMILY = 2;
			};
			name = Debug;
		};
		932A30621941E81400D7E094 /* Release */ = {
			isa = XCBuildConfiguration;
			buildSettings = {
				ASSETCATALOG_COMPILER_APPICON_NAME = AppIcon;
				ASSETCATALOG_COMPILER_LAUNCHIMAGE_NAME = LaunchImage;
				INFOPLIST_FILE = GSwift/Info.plist;
				IPHONEOS_DEPLOYMENT_TARGET = 8.0;
				LD_RUNPATH_SEARCH_PATHS = "$(inherited) @executable_path/Frameworks";
				PRODUCT_NAME = "$(TARGET_NAME)";
				TARGETED_DEVICE_FAMILY = 2;
			};
			name = Release;
		};
		932A30641941E81400D7E094 /* Debug */ = {
			isa = XCBuildConfiguration;
			buildSettings = {
				BUNDLE_LOADER = "$(BUILT_PRODUCTS_DIR)/GSwift.app/GSwift";
				FRAMEWORK_SEARCH_PATHS = (
					"$(SDKROOT)/Developer/Library/Frameworks",
					"$(inherited)",
				);
				GCC_PREPROCESSOR_DEFINITIONS = (
					"DEBUG=1",
					"$(inherited)",
				);
				INFOPLIST_FILE = GSwiftTests/Info.plist;
				LD_RUNPATH_SEARCH_PATHS = "$(inherited) @executable_path/Frameworks @loader_path/Frameworks";
				METAL_ENABLE_DEBUG_INFO = YES;
				PRODUCT_NAME = "$(TARGET_NAME)";
				TEST_HOST = "$(BUNDLE_LOADER)";
			};
			name = Debug;
		};
		932A30651941E81400D7E094 /* Release */ = {
			isa = XCBuildConfiguration;
			buildSettings = {
				BUNDLE_LOADER = "$(BUILT_PRODUCTS_DIR)/GSwift.app/GSwift";
				FRAMEWORK_SEARCH_PATHS = (
					"$(SDKROOT)/Developer/Library/Frameworks",
					"$(inherited)",
				);
				INFOPLIST_FILE = GSwiftTests/Info.plist;
				LD_RUNPATH_SEARCH_PATHS = "$(inherited) @executable_path/Frameworks @loader_path/Frameworks";
				METAL_ENABLE_DEBUG_INFO = NO;
				PRODUCT_NAME = "$(TARGET_NAME)";
				TEST_HOST = "$(BUNDLE_LOADER)";
			};
			name = Release;
		};
/* End XCBuildConfiguration section */

/* Begin XCConfigurationList section */
		932A303F1941E81400D7E094 /* Build configuration list for PBXProject "GSwift" */ = {
			isa = XCConfigurationList;
			buildConfigurations = (
				932A305E1941E81400D7E094 /* Debug */,
				932A305F1941E81400D7E094 /* Release */,
			);
			defaultConfigurationIsVisible = 0;
			defaultConfigurationName = Release;
		};
		932A30601941E81400D7E094 /* Build configuration list for PBXNativeTarget "GSwift" */ = {
			isa = XCConfigurationList;
			buildConfigurations = (
				932A30611941E81400D7E094 /* Debug */,
				932A30621941E81400D7E094 /* Release */,
			);
			defaultConfigurationIsVisible = 0;
			defaultConfigurationName = Release;
		};
		932A30631941E81400D7E094 /* Build configuration list for PBXNativeTarget "GSwiftTests" */ = {
			isa = XCConfigurationList;
			buildConfigurations = (
				932A30641941E81400D7E094 /* Debug */,
				932A30651941E81400D7E094 /* Release */,
			);
			defaultConfigurationIsVisible = 0;
			defaultConfigurationName = Release;
		};
/* End XCConfigurationList section */
	};
	rootObject = 932A303C1941E81400D7E094 /* Project object */;
}
